{
  "name": "jsbarcode",
  "version": "1.0.0",
  "lockfileVersion": 2,
  "requires": true,
  "packages": {
    "": {
      "name": "jsbarcode",
      "version": "1.0.0",
      "license": "ISC",
      "dependencies": {
        "bwip-js": "^4.0.0"
      }
    },
    "node_modules/bwip-js": {
      "version": "4.0.1",
      "resolved": "https://registry.npmjs.org/bwip-js/-/bwip-js-4.0.1.tgz",
      "integrity": "sha512-Ga1+SclaBk9WlzOI6fVrz3vI5wwkGePRtI3/BCkgaS4Dk+xfP3IK0xO5bYQIOUcrDab+zL3Zv1IUQ2WgO6aqGg==",
      "bin": {
        "bwip-js": "bin/bwip-js.js"
      }
    }
  },
  "dependencies": {
    "bwip-js": {
      "version": "4.0.1",
      "resolved": "https://registry.npmjs.org/bwip-js/-/bwip-js-4.0.1.tgz",
      "integrity": "sha512-Ga1+SclaBk9WlzOI6fVrz3vI5wwkGePRtI3/BCkgaS4Dk+xfP3IK0xO5bYQIOUcrDab+zL3Zv1IUQ2WgO6aqGg=="
    }
  }
}
