{
  "name": "jsbarcode",
  "version": "1.0.0",
  "lockfileVersion": 2,
  "requires": true,
  "packages": {
    "": {
      "name": "jsbarcode",
      "version": "1.0.0",
      "license": "ISC",
      "dependencies": {
        "bwip-js": "^3.1.0"
      }
    },
    "node_modules/bwip-js": {
      "version": "3.4.5",
      "resolved": "https://registry.npmjs.org/bwip-js/-/bwip-js-3.4.5.tgz",
      "integrity": "sha512-qeMBeeHkELC+ZTU3UjUFF0mkIQmhqKzo4B5fYfx98hitsdBMytSuAE9oVz2mE02GQ09u3QmgU/kke0qONumuGQ==",
      "bin": {
        "bwip-js": "bin/bwip-js.js"
      }
    }
  },
  "dependencies": {
    "bwip-js": {
      "version": "3.4.5",
      "resolved": "https://registry.npmjs.org/bwip-js/-/bwip-js-3.4.5.tgz",
      "integrity": "sha512-qeMBeeHkELC+ZTU3UjUFF0mkIQmhqKzo4B5fYfx98hitsdBMytSuAE9oVz2mE02GQ09u3QmgU/kke0qONumuGQ=="
    }
  }
}
