{
  "name": "jsbarcode",
  "version": "1.0.0",
  "lockfileVersion": 2,
  "requires": true,
  "packages": {
    "": {
      "name": "jsbarcode",
      "version": "1.0.0",
      "license": "ISC",
      "dependencies": {
        "bwip-js": "^4.0.0"
      }
    },
    "node_modules/bwip-js": {
      "version": "4.4.0",
      "resolved": "https://registry.npmjs.org/bwip-js/-/bwip-js-4.4.0.tgz",
      "integrity": "sha512-lG9oWK0Xh4ytPE9rvOKwnLmObBprdt1i/5sqYhL7EBXIYyMi/eJ3PwU9lhlq3qMZ8Fc2jafIKkDLdqkDGTg7cg==",
      "bin": {
        "bwip-js": "bin/bwip-js.js"
      }
    }
  },
  "dependencies": {
    "bwip-js": {
      "version": "4.4.0",
      "resolved": "https://registry.npmjs.org/bwip-js/-/bwip-js-4.4.0.tgz",
      "integrity": "sha512-lG9oWK0Xh4ytPE9rvOKwnLmObBprdt1i/5sqYhL7EBXIYyMi/eJ3PwU9lhlq3qMZ8Fc2jafIKkDLdqkDGTg7cg=="
    }
  }
}
